
Microsoft Visual Studio Solution File, Format Version 12.00
# Visual Studio 15
VisualStudioVersion = 15.0.27130.2026
MinimumVisualStudioVersion = 10.0.40219.1
Project("{FAE04EC0-301F-11D3-BF4B-00C04F79EFBC}") = "Alzaitu.BlackMagic", "Alzaitu.BlackMagic\Alzaitu.BlackMagic.csproj", "{8AA215AD-0DA8-4F23-8380-80498E1DE0C7}"
EndProject
Project("{FAE04EC0-301F-11D3-BF4B-00C04F79EFBC}") = "Alzaitu.BlackMagic.Tests", "Alzaitu.BlackMagic.Tests\Alzaitu.BlackMagic.Tests.csproj", "{8EDF4429-251A-416D-BB68-93F227191BCF}"
EndProject
Project("{2150E333-8FDC-42A3-9474-1A3956D46DE8}") = "Solution Items", "Solution Items", "{333E4ABC-D16B-4040-961A-C87A63362AB8}"
	ProjectSection(SolutionItems) = preProject
		.travis.yml = .travis.yml
	EndProjectSection
EndProject
Global
	GlobalSection(SolutionConfigurationPlatforms) = preSolution
		Debug|Any CPU = Debug|Any CPU
		Release|Any CPU = Release|Any CPU
	EndGlobalSection
	GlobalSection(ProjectConfigurationPlatforms) = postSolution
		{8AA215AD-0DA8-4F23-8380-80498E1DE0C7}.Debug|Any CPU.ActiveCfg = Debug|Any CPU
		{8AA215AD-0DA8-4F23-8380-80498E1DE0C7}.Debug|Any CPU.Build.0 = Debug|Any CPU
		{8AA215AD-0DA8-4F23-8380-80498E1DE0C7}.Release|Any CPU.ActiveCfg = Release|Any CPU
		{8AA215AD-0DA8-4F23-8380-80498E1DE0C7}.Release|Any CPU.Build.0 = Release|Any CPU
		{8EDF4429-251A-416D-BB68-93F227191BCF}.Debug|Any CPU.ActiveCfg = Debug|Any CPU
		{8EDF4429-251A-416D-BB68-93F227191BCF}.Debug|Any CPU.Build.0 = Debug|Any CPU
		{8EDF4429-251A-416D-BB68-93F227191BCF}.Release|Any CPU.ActiveCfg = Release|Any CPU
		{8EDF4429-251A-416D-BB68-93F227191BCF}.Release|Any CPU.Build.0 = Release|Any CPU
	EndGlobalSection
	GlobalSection(SolutionProperties) = preSolution
		HideSolutionNode = FALSE
	EndGlobalSection
	GlobalSection(ExtensibilityGlobals) = postSolution
		SolutionGuid = {2DFBAE02-F467-4669-9412-9C75366F2522}
	EndGlobalSection
EndGlobal
